
Microsoft Visual Studio Solution File, Format Version 12.00
# Visual Studio Version 17
VisualStudioVersion = 17.5.33312.197
MinimumVisualStudioVersion = 10.0.40219.1
Project("{FAE04EC0-301F-11D3-BF4B-00C04F79EFBC}") = "AverageApp", "AverageApp\AverageApp.csproj", "{1F4B145E-2555-4B1B-B33A-F9744A55F623}"
EndProject
Project("{FAE04EC0-301F-11D3-BF4B-00C04F79EFBC}") = "ClientApp", "ClientApp\ClientApp.csproj", "{425054B0-F6C5-4770-87E1-6AC485C63EC5}"
EndProject
Global
	GlobalSection(SolutionConfigurationPlatforms) = preSolution
		Debug|Any CPU = Debug|Any CPU
		Release|Any CPU = Release|Any CPU
	EndGlobalSection
	GlobalSection(ProjectConfigurationPlatforms) = postSolution
		{1F4B145E-2555-4B1B-B33A-F9744A55F623}.Debug|Any CPU.ActiveCfg = Debug|Any CPU
		{1F4B145E-2555-4B1B-B33A-F9744A55F623}.Debug|Any CPU.Build.0 = Debug|Any CPU
		{1F4B145E-2555-4B1B-B33A-F9744A55F623}.Release|Any CPU.ActiveCfg = Release|Any CPU
		{1F4B145E-2555-4B1B-B33A-F9744A55F623}.Release|Any CPU.Build.0 = Release|Any CPU
		{425054B0-F6C5-4770-87E1-6AC485C63EC5}.Debug|Any CPU.ActiveCfg = Debug|Any CPU
		{425054B0-F6C5-4770-87E1-6AC485C63EC5}.Debug|Any CPU.Build.0 = Debug|Any CPU
		{425054B0-F6C5-4770-87E1-6AC485C63EC5}.Release|Any CPU.ActiveCfg = Release|Any CPU
		{425054B0-F6C5-4770-87E1-6AC485C63EC5}.Release|Any CPU.Build.0 = Release|Any CPU
	EndGlobalSection
	GlobalSection(SolutionProperties) = preSolution
		HideSolutionNode = FALSE
	EndGlobalSection
	GlobalSection(ExtensibilityGlobals) = postSolution
		SolutionGuid = {247DAD61-5A61-493F-BB54-C2CC82B55031}
	EndGlobalSection
EndGlobal
